GIT
  remote: https://github.com/3scale/puma
  revision: b034371406690d3e6c2a9301c4a48bd721f3efc3
  ref: b034371406690d3e6c2a9301c4a48bd721f3efc3
  specs:
    puma (2.15.3)

GIT
  remote: https://github.com/3scale/redis-rb
  revision: 35301b3d952975300a4cb30d408ae3b5969d0440
  branch: apisonator
  specs:
    redis (4.1.3)

GIT
  remote: https://github.com/3scale/resque
  revision: 88839e71756ea9b6edfc9426a0af71e94109c135
  branch: 3scale
  specs:
    resque (1.27.4)
      mono_logger (~> 1.0)
      multi_json (~> 1.0)
      redis-namespace (~> 1.3)
      sinatra (>= 0.9.2)
      vegas (~> 0.1.2)

GIT
  remote: https://github.com/3scale/source2swagger
  revision: 9a787007577fc58b5822b55720e977cc063057fd
  branch: backend
  specs:
    source2swagger (0.0.2)
      json

PATH
  remote: .
  specs:
    apisonator (3.3.0)

GEM
  remote: https://rubygems.org/
  specs:
    activesupport (5.2.4.3)
      concurrent-ruby (~> 1.0, >= 1.0.2)
      i18n (>= 0.7, < 2)
      minitest (~> 5.1)
      tzinfo (~> 1.1)
    async (1.24.2)
      console (~> 1.0)
      nio4r (~> 2.3)
      timers (~> 4.1)
    async-container (0.16.4)
      async (~> 1.0)
      async-io (~> 1.26)
      process-group
    async-http (0.50.7)
      async (~> 1.23)
      async-io (~> 1.27.0)
      async-pool (~> 0.2)
      protocol-http (~> 0.15.1)
      protocol-http1 (~> 0.10.0)
      protocol-http2 (~> 0.11.0)
    async-http-cache (0.1.5)
      async-http
      protocol-http (~> 0.14)
    async-io (1.27.7)
      async (~> 1.14)
    async-pool (0.2.0)
      async (~> 1.8)
    async-redis (0.5.1)
      async (~> 1.8)
      async-io (~> 1.10)
      async-pool (~> 0.2)
      protocol-redis (~> 0.5.0)
    async-rspec (1.13.0)
      rspec (~> 3.0)
      rspec-files (~> 1.0)
      rspec-memory (~> 1.0)
    backports (3.11.3)
    benchmark-ips (2.7.2)
    bugsnag (6.6.4)
      concurrent-ruby (~> 1.0)
    build-environment (1.13.0)
    builder (3.2.3)
    byebug (9.1.0)
    codeclimate-test-reporter (0.6.0)
      simplecov (>= 0.7.1, < 1.0.0)
    coderay (1.1.2)
    concurrent-ruby (1.1.6)
    console (1.8.2)
    daemons (1.2.4)
    diff-lcs (1.3)
    docile (1.1.5)
    dry-initializer (3.0.3)
    falcon (0.35.6)
      async (~> 1.13)
      async-container (~> 0.16.0)
      async-http (~> 0.50.4)
      async-http-cache (~> 0.1.0)
      async-io (~> 1.22)
      build-environment (~> 1.13)
      localhost (~> 1.1)
      process-metrics (~> 0.1.0)
      rack (>= 1.0)
      samovar (~> 2.1)
    ffi (1.12.2)
    gli (2.16.1)
    hiredis (0.6.3)
    i18n (1.8.2)
      concurrent-ruby (~> 1.0)
    json (2.3.1)
    license_finder (5.9.2)
      bundler
      rubyzip
      thor
      toml (= 0.2.0)
      with_env (= 1.1.0)
      xml-simple
    localhost (1.1.6)
    mapping (1.1.1)
    metaclass (0.0.4)
    method_source (0.9.0)
    mini_portile2 (2.4.0)
    minitest (5.14.1)
    mocha (1.3.0)
      metaclass (~> 0.0.1)
    mono_logger (1.1.0)
    multi_json (1.13.1)
    mustache (1.0.5)
    mustermann (1.0.2)
    net-scp (1.2.1)
      net-ssh (>= 2.6.5)
    net-ssh (4.2.0)
    nio4r (2.5.4)
    nokogiri (1.10.9)
      mini_portile2 (~> 2.4.0)
    parslet (1.8.2)
    pkg-config (1.1.9)
    power_assert (1.1.1)
    process-group (1.2.1)
      process-terminal (~> 0.2.0)
    process-metrics (0.1.1)
    process-terminal (0.2.0)
      ffi
    prometheus-client (1.0.0)
    protocol-hpack (1.4.2)
    protocol-http (0.15.1)
    protocol-http1 (0.10.3)
      protocol-http (~> 0.15)
    protocol-http2 (0.11.6)
      protocol-hpack (~> 1.4)
      protocol-http (~> 0.15)
    protocol-redis (0.5.0)
    pry (0.11.3)
      coderay (~> 1.1.0)
      method_source (~> 0.9.0)
    pry-byebug (3.5.1)
      byebug (~> 9.1)
      pry (~> 0.10)
    pry-doc (0.11.1)
      pry (~> 0.9)
      yard (~> 0.9)
    rack (2.1.4)
    rack-protection (2.0.3)
      rack
    rack-test (0.8.2)
      rack (>= 1.0, < 3)
    rake (13.0.1)
    redis-namespace (1.8.0)
      redis (>= 3.0.4)
    resque_spec (0.17.0)
      resque (>= 1.19.0)
      rspec-core (>= 3.0.0)
      rspec-expectations (>= 3.0.0)
      rspec-mocks (>= 3.0.0)
    resque_unit (0.4.8)
      json (>= 1.4.6)
    rspec (3.7.0)
      rspec-core (~> 3.7.0)
      rspec-expectations (~> 3.7.0)
      rspec-mocks (~> 3.7.0)
    rspec-core (3.7.0)
      rspec-support (~> 3.7.0)
    rspec-expectations (3.7.0)
      diff-lcs (>= 1.2.0, < 2.0)
      rspec-support (~> 3.7.0)
    rspec-files (1.0.1)
      rspec (~> 3.0)
    rspec-memory (1.0.1)
      rspec (~> 3.0)
    rspec-mocks (3.7.0)
      diff-lcs (>= 1.2.0, < 2.0)
      rspec-support (~> 3.7.0)
    rspec-support (3.7.0)
    rspec_api_documentation (5.1.0)
      activesupport (>= 3.0.0)
      mustache (~> 1.0, >= 0.99.4)
      rspec (~> 3.0)
    rubyzip (2.0.0)
    samovar (2.1.4)
      console (~> 1.0)
      mapping (~> 1.0)
    simplecov (0.15.1)
      docile (~> 1.1.0)
      json (>= 1.8, < 3)
      simplecov-html (~> 0.10.0)
    simplecov-html (0.10.2)
    sinatra (2.0.3)
      mustermann (~> 1.0)
      rack (~> 2.0)
      rack-protection (= 2.0.3)
      tilt (~> 2.0)
    sinatra-contrib (2.0.3)
      activesupport (>= 4.0.0)
      backports (>= 2.8.2)
      multi_json
      mustermann (~> 1.0)
      rack-protection (= 2.0.3)
      sinatra (= 2.0.3)
      tilt (>= 1.3, < 3)
    sshkit (1.15.1)
      net-scp (>= 1.1.2)
      net-ssh (>= 2.8.0)
    test-unit (3.2.6)
      power_assert
    thor (0.20.3)
    thread_safe (0.3.6)
    tilt (2.0.8)
    timecop (0.9.1)
    timers (4.3.2)
    toml (0.2.0)
      parslet (~> 1.8.0)
    tzinfo (1.2.7)
      thread_safe (~> 0.1)
    vegas (0.1.11)
      rack (>= 1.0.0)
    with_env (1.1.0)
    xml-simple (1.1.5)
    yabeda (0.5.0)
      concurrent-ruby
      dry-initializer
    yabeda-prometheus (0.5.0)
      prometheus-client (~> 1.0)
      yabeda (~> 0.5)
    yajl-ruby (1.3.1)
    yard (0.9.20)

PLATFORMS
  ruby

DEPENDENCIES
  apisonator!
  async-redis (~> 0.5.1)
  async-rspec
  benchmark-ips (~> 2.7.2)
  bugsnag (~> 6)
  builder (= 3.2.3)
  codeclimate-test-reporter (~> 0.6.0)
  daemons (= 1.2.4)
  falcon (~> 0.35)
  gli (~> 2.16.1)
  hiredis (~> 0.6.1)
  license_finder (~> 5)
  mocha (~> 1.3)
  nokogiri (~> 1.10.8)
  pkg-config (~> 1.1.7)
  pry (~> 0.11.3)
  pry-byebug (~> 3.5.1)
  pry-doc (~> 0.11.1)
  puma!
  rack (~> 2.1.4)
  rack-test (~> 0.8.2)
  rake (~> 13.0)
  redis!
  redis-namespace (~> 1.8.0)
  resque!
  resque_spec (~> 0.17.0)
  resque_unit (~> 0.4.4)!
  rspec (~> 3.7.0)
  rspec_api_documentation (~> 5.0)
  sinatra (~> 2.0.3)
  sinatra-contrib (~> 2.0.3)
  source2swagger!
  sshkit
  test-unit (~> 3.2.6)
  timecop (~> 0.9.1)
  yabeda-prometheus (~> 0.5.0)
  yajl-ruby (~> 1.3.1)

BUNDLED WITH
   1.16.6
